
Microsoft Visual Studio Solution File, Format Version 12.00
# Visual Studio Version 17
VisualStudioVersion = 17.6.33723.286
MinimumVisualStudioVersion = 10.0.40219.1
Project("{FAE04EC0-301F-11D3-BF4B-00C04F79EFBC}") = "LAB5_1", "LAB5_1\LAB5_1.csproj", "{C81B34E8-3FF2-4A9C-819C-43115AB72489}"
EndProject
Project("{FAE04EC0-301F-11D3-BF4B-00C04F79EFBC}") = "LAB5_2", "LAB5_2\LAB5_2.csproj", "{6360B61A-153D-4565-BF97-E2AA2E1EA604}"
EndProject
Project("{FAE04EC0-301F-11D3-BF4B-00C04F79EFBC}") = "LAB5_3", "LAB5_3\LAB5_3.csproj", "{E24EA243-7F52-4D64-8085-886B88FC9A87}"
EndProject
Project("{FAE04EC0-301F-11D3-BF4B-00C04F79EFBC}") = "LAB5_4", "LAB5_4\LAB5_4.csproj", "{4F1C54BD-7003-496C-A3AB-5B3408A1A71B}"
EndProject
Project("{FAE04EC0-301F-11D3-BF4B-00C04F79EFBC}") = "LAB5_5", "LAB5_5\LAB5_5.csproj", "{9B7A0157-CC15-466F-84DE-E719BA381D60}"
EndProject
Global
	GlobalSection(SolutionConfigurationPlatforms) = preSolution
		Debug|Any CPU = Debug|Any CPU
		Release|Any CPU = Release|Any CPU
	EndGlobalSection
	GlobalSection(ProjectConfigurationPlatforms) = postSolution
		{C81B34E8-3FF2-4A9C-819C-43115AB72489}.Debug|Any CPU.ActiveCfg = Debug|Any CPU
		{C81B34E8-3FF2-4A9C-819C-43115AB72489}.Debug|Any CPU.Build.0 = Debug|Any CPU
		{C81B34E8-3FF2-4A9C-819C-43115AB72489}.Release|Any CPU.ActiveCfg = Release|Any CPU
		{C81B34E8-3FF2-4A9C-819C-43115AB72489}.Release|Any CPU.Build.0 = Release|Any CPU
		{6360B61A-153D-4565-BF97-E2AA2E1EA604}.Debug|Any CPU.ActiveCfg = Debug|Any CPU
		{6360B61A-153D-4565-BF97-E2AA2E1EA604}.Debug|Any CPU.Build.0 = Debug|Any CPU
		{6360B61A-153D-4565-BF97-E2AA2E1EA604}.Release|Any CPU.ActiveCfg = Release|Any CPU
		{6360B61A-153D-4565-BF97-E2AA2E1EA604}.Release|Any CPU.Build.0 = Release|Any CPU
		{E24EA243-7F52-4D64-8085-886B88FC9A87}.Debug|Any CPU.ActiveCfg = Debug|Any CPU
		{E24EA243-7F52-4D64-8085-886B88FC9A87}.Debug|Any CPU.Build.0 = Debug|Any CPU
		{E24EA243-7F52-4D64-8085-886B88FC9A87}.Release|Any CPU.ActiveCfg = Release|Any CPU
		{E24EA243-7F52-4D64-8085-886B88FC9A87}.Release|Any CPU.Build.0 = Release|Any CPU
		{4F1C54BD-7003-496C-A3AB-5B3408A1A71B}.Debug|Any CPU.ActiveCfg = Debug|Any CPU
		{4F1C54BD-7003-496C-A3AB-5B3408A1A71B}.Debug|Any CPU.Build.0 = Debug|Any CPU
		{4F1C54BD-7003-496C-A3AB-5B3408A1A71B}.Release|Any CPU.ActiveCfg = Release|Any CPU
		{4F1C54BD-7003-496C-A3AB-5B3408A1A71B}.Release|Any CPU.Build.0 = Release|Any CPU
		{9B7A0157-CC15-466F-84DE-E719BA381D60}.Debug|Any CPU.ActiveCfg = Debug|Any CPU
		{9B7A0157-CC15-466F-84DE-E719BA381D60}.Debug|Any CPU.Build.0 = Debug|Any CPU
		{9B7A0157-CC15-466F-84DE-E719BA381D60}.Release|Any CPU.ActiveCfg = Release|Any CPU
		{9B7A0157-CC15-466F-84DE-E719BA381D60}.Release|Any CPU.Build.0 = Release|Any CPU
	EndGlobalSection
	GlobalSection(SolutionProperties) = preSolution
		HideSolutionNode = FALSE
	EndGlobalSection
	GlobalSection(ExtensibilityGlobals) = postSolution
		SolutionGuid = {BCD4E9BC-648F-4883-9A78-D11FA2D68405}
	EndGlobalSection
EndGlobal
