
Microsoft Visual Studio Solution File, Format Version 12.00
# Visual Studio Version 17
VisualStudioVersion = 17.6.33723.286
MinimumVisualStudioVersion = 10.0.40219.1
Project("{FAE04EC0-301F-11D3-BF4B-00C04F79EFBC}") = "LAB7_1", "LAB7\LAB7_1.csproj", "{DFD8CC1A-8CCC-42C8-BDB1-369212F41712}"
EndProject
Project("{FAE04EC0-301F-11D3-BF4B-00C04F79EFBC}") = "LAB7_2", "LAB7_2\LAB7_2.csproj", "{FC9B4537-C635-4E7A-A36B-6DFFD205D871}"
EndProject
Project("{FAE04EC0-301F-11D3-BF4B-00C04F79EFBC}") = "LAB7_3", "LAB7_3\LAB7_3.csproj", "{B7CC6073-04C4-43DF-9133-584DF6D4D228}"
EndProject
Project("{FAE04EC0-301F-11D3-BF4B-00C04F79EFBC}") = "LAB7_4", "ConsoleApp1\LAB7_4.csproj", "{CB7B4373-2567-4842-85A3-945A79DDAF99}"
EndProject
Global
	GlobalSection(SolutionConfigurationPlatforms) = preSolution
		Debug|Any CPU = Debug|Any CPU
		Release|Any CPU = Release|Any CPU
	EndGlobalSection
	GlobalSection(ProjectConfigurationPlatforms) = postSolution
		{DFD8CC1A-8CCC-42C8-BDB1-369212F41712}.Debug|Any CPU.ActiveCfg = Debug|Any CPU
		{DFD8CC1A-8CCC-42C8-BDB1-369212F41712}.Debug|Any CPU.Build.0 = Debug|Any CPU
		{DFD8CC1A-8CCC-42C8-BDB1-369212F41712}.Release|Any CPU.ActiveCfg = Release|Any CPU
		{DFD8CC1A-8CCC-42C8-BDB1-369212F41712}.Release|Any CPU.Build.0 = Release|Any CPU
		{FC9B4537-C635-4E7A-A36B-6DFFD205D871}.Debug|Any CPU.ActiveCfg = Debug|Any CPU
		{FC9B4537-C635-4E7A-A36B-6DFFD205D871}.Debug|Any CPU.Build.0 = Debug|Any CPU
		{FC9B4537-C635-4E7A-A36B-6DFFD205D871}.Release|Any CPU.ActiveCfg = Release|Any CPU
		{FC9B4537-C635-4E7A-A36B-6DFFD205D871}.Release|Any CPU.Build.0 = Release|Any CPU
		{B7CC6073-04C4-43DF-9133-584DF6D4D228}.Debug|Any CPU.ActiveCfg = Debug|Any CPU
		{B7CC6073-04C4-43DF-9133-584DF6D4D228}.Debug|Any CPU.Build.0 = Debug|Any CPU
		{B7CC6073-04C4-43DF-9133-584DF6D4D228}.Release|Any CPU.ActiveCfg = Release|Any CPU
		{B7CC6073-04C4-43DF-9133-584DF6D4D228}.Release|Any CPU.Build.0 = Release|Any CPU
		{CB7B4373-2567-4842-85A3-945A79DDAF99}.Debug|Any CPU.ActiveCfg = Debug|Any CPU
		{CB7B4373-2567-4842-85A3-945A79DDAF99}.Debug|Any CPU.Build.0 = Debug|Any CPU
		{CB7B4373-2567-4842-85A3-945A79DDAF99}.Release|Any CPU.ActiveCfg = Release|Any CPU
		{CB7B4373-2567-4842-85A3-945A79DDAF99}.Release|Any CPU.Build.0 = Release|Any CPU
	EndGlobalSection
	GlobalSection(SolutionProperties) = preSolution
		HideSolutionNode = FALSE
	EndGlobalSection
	GlobalSection(ExtensibilityGlobals) = postSolution
		SolutionGuid = {FB32A827-EC9A-410F-9AE0-A89124AE30B6}
	EndGlobalSection
EndGlobal
